{
  "name": "gitbook",
  "version": "1.0.0",
  "lockfileVersion": 1,
  "requires": true,
  "dependencies": {
    "boolbase": {
      "version": "1.0.0",
      "resolved": "https://registry.npmmirror.com/boolbase/-/boolbase-1.0.0.tgz",
      "integrity": "sha512-JZOSA7Mo9sNGB8+UjSgzdLtokWAky1zbztM3WRLCbZ70/3cTANmQmOdR7y2g+J0e2WXywy1yS468tY+IruqEww=="
    },
    "cheerio": {
      "version": "1.0.0-rc.11",
      "resolved": "https://registry.npmmirror.com/cheerio/-/cheerio-1.0.0-rc.11.tgz",
      "integrity": "sha512-bQwNaDIBKID5ts/DsdhxrjqFXYfLw4ste+wMKqWA8DyKcS4qwsPP4Bk8ZNaTJjvpiX/qW3BT4sU7d6Bh5i+dag==",
      "requires": {
        "cheerio-select": "^2.1.0",
        "dom-serializer": "^2.0.0",
        "domhandler": "^5.0.3",
        "domutils": "^3.0.1",
        "htmlparser2": "^8.0.1",
        "parse5": "^7.0.0",
        "parse5-htmlparser2-tree-adapter": "^7.0.0",
        "tslib": "^2.4.0"
      }
    },
    "cheerio-select": {
      "version": "2.1.0",
      "resolved": "https://registry.npmmirror.com/cheerio-select/-/cheerio-select-2.1.0.tgz",
      "integrity": "sha512-9v9kG0LvzrlcungtnJtpGNxY+fzECQKhK4EGJX2vByejiMX84MFNQw4UxPJl3bFbTMw+Dfs37XaIkCwTZfLh4g==",
      "requires": {
        "boolbase": "^1.0.0",
        "css-select": "^5.1.0",
        "css-what": "^6.1.0",
        "domelementtype": "^2.3.0",
        "domhandler": "^5.0.3",
        "domutils": "^3.0.1"
      }
    },
    "css-select": {
      "version": "5.1.0",
      "resolved": "https://registry.npmmirror.com/css-select/-/css-select-5.1.0.tgz",
      "integrity": "sha512-nwoRF1rvRRnnCqqY7updORDsuqKzqYJ28+oSMaJMMgOauh3fvwHqMS7EZpIPqK8GL+g9mKxF1vP/ZjSeNjEVHg==",
      "requires": {
        "boolbase": "^1.0.0",
        "css-what": "^6.1.0",
        "domhandler": "^5.0.2",
        "domutils": "^3.0.1",
        "nth-check": "^2.0.1"
      }
    },
    "css-what": {
      "version": "6.1.0",
      "resolved": "https://registry.npmmirror.com/css-what/-/css-what-6.1.0.tgz",
      "integrity": "sha512-HTUrgRJ7r4dsZKU6GjmpfRK1O76h97Z8MfS1G0FozR+oF2kG6Vfe8JE6zwrkbxigziPHinCJ+gCPjA9EaBDtRw=="
    },
    "dom-serializer": {
      "version": "2.0.0",
      "resolved": "https://registry.npmmirror.com/dom-serializer/-/dom-serializer-2.0.0.tgz",
      "integrity": "sha512-wIkAryiqt/nV5EQKqQpo3SToSOV9J0DnbJqwK7Wv/Trc92zIAYZ4FlMu+JPFW1DfGFt81ZTCGgDEabffXeLyJg==",
      "requires": {
        "domelementtype": "^2.3.0",
        "domhandler": "^5.0.2",
        "entities": "^4.2.0"
      }
    },
    "domelementtype": {
      "version": "2.3.0",
      "resolved": "https://registry.npmmirror.com/domelementtype/-/domelementtype-2.3.0.tgz",
      "integrity": "sha512-OLETBj6w0OsagBwdXnPdN0cnMfF9opN69co+7ZrbfPGrdpPVNBUj02spi6B1N7wChLQiPn4CSH/zJvXw56gmHw=="
    },
    "domhandler": {
      "version": "5.0.3",
      "resolved": "https://registry.npmmirror.com/domhandler/-/domhandler-5.0.3.tgz",
      "integrity": "sha512-cgwlv/1iFQiFnU96XXgROh8xTeetsnJiDsTc7TYCLFd9+/WNkIqPTxiM/8pSd8VIrhXGTf1Ny1q1hquVqDJB5w==",
      "requires": {
        "domelementtype": "^2.3.0"
      }
    },
    "domutils": {
      "version": "3.0.1",
      "resolved": "https://registry.npmmirror.com/domutils/-/domutils-3.0.1.tgz",
      "integrity": "sha512-z08c1l761iKhDFtfXO04C7kTdPBLi41zwOZl00WS8b5eiaebNpY00HKbztwBq+e3vyqWNwWF3mP9YLUeqIrF+Q==",
      "requires": {
        "dom-serializer": "^2.0.0",
        "domelementtype": "^2.3.0",
        "domhandler": "^5.0.1"
      }
    },
    "entities": {
      "version": "4.3.0",
      "resolved": "https://registry.npmmirror.com/entities/-/entities-4.3.0.tgz",
      "integrity": "sha512-/iP1rZrSEJ0DTlPiX+jbzlA3eVkY/e8L8SozroF395fIqE3TYF/Nz7YOMAawta+vLmyJ/hkGNNPcSbMADCCXbg=="
    },
    "gitbook-plugin-back-to-top-button": {
      "version": "0.1.4",
      "resolved": "https://registry.npmmirror.com/gitbook-plugin-back-to-top-button/-/gitbook-plugin-back-to-top-button-0.1.4.tgz",
      "integrity": "sha512-B97MdUp4YhNkSmEc1v+5E21nRaI+ppNKjz2oZelZ8DTuumOMe/e0QizXC2ymxO8iYPkWuaqzaeGedHpxRq/Yhw=="
    },
    "gitbook-plugin-code": {
      "version": "0.1.0",
      "resolved": "https://registry.npmmirror.com/gitbook-plugin-code/-/gitbook-plugin-code-0.1.0.tgz",
      "integrity": "sha512-TE8CUFlN7da4SiN2LYx8qk+FX5w2O2IicEcn48sPTpA8gj9qKQqpYpGEdwgsDEev11shEjCZhDwFN//GQ7bdnA=="
    },
    "gitbook-plugin-expandable-chapters": {
      "version": "0.2.0",
      "resolved": "https://registry.npmmirror.com/gitbook-plugin-expandable-chapters/-/gitbook-plugin-expandable-chapters-0.2.0.tgz",
      "integrity": "sha512-oEFVR/5UrjQYsu/WWPLiwgB2kUi9V3T+JqifBBzEvC45aPNmV1Jx/zoWSlISYSN9M5f8/l1DPl5zkL5hFSFfgA=="
    },
    "gitbook-plugin-lightbox": {
      "version": "1.2.0",
      "resolved": "https://registry.npmmirror.com/gitbook-plugin-lightbox/-/gitbook-plugin-lightbox-1.2.0.tgz",
      "integrity": "sha512-mZ13srRi9Levq6AnhwDMQbXYBHwSlnG/oasZpBdKfRB+4M18dsd97r+tjnD0dw0sJ/+Jmr1a1twxAem71p5TjA==",
      "requires": {
        "cheerio": "^1.0.0-rc.2",
        "uuid": "^3.3.2"
      }
    },
    "gitbook-plugin-popup": {
      "version": "0.0.1",
      "resolved": "https://registry.npmmirror.com/gitbook-plugin-popup/-/gitbook-plugin-popup-0.0.1.tgz",
      "integrity": "sha512-UpLsvLOM2+UcVUgX1u2iHNGrAEsBw9I7CWCnF3XkX72iMqhs5wAq7YGhzqFHDA1C6HGXNjqHIUnP75XVGWeTlQ=="
    },
    "gitbook-plugin-search-pro": {
      "version": "2.0.2",
      "resolved": "https://registry.npmmirror.com/gitbook-plugin-search-pro/-/gitbook-plugin-search-pro-2.0.2.tgz",
      "integrity": "sha512-JZvfwp1DPsoAeGjGwLsYNr4BBgreAUYBfrpZbnLKg3COAO+OsFYOKEAexHKATOajCEhiQMfkN1rnFGTYP2XTkA==",
      "requires": {
        "html-entities": "1.2.0"
      }
    },
    "gitbook-plugin-theme-lou": {
      "version": "1.0.3",
      "resolved": "https://registry.npmmirror.com/gitbook-plugin-theme-lou/-/gitbook-plugin-theme-lou-1.0.3.tgz",
      "integrity": "sha512-DXhC9Di9ElrowBDDa30//sy8Q2P3i62XUmpsOS2hLlPQXyKpdETtAigrusKX73oTIUwOvr57JfkrRPtmQ/1l4w=="
    },
    "html-entities": {
      "version": "1.2.0",
      "resolved": "https://registry.npmmirror.com/html-entities/-/html-entities-1.2.0.tgz",
      "integrity": "sha512-0md7tlUUyb0BEQGsZzbqty1CgV6RESOoxdivt94AScqhBhYsPCCQCOaGvur/RospMjYpPJ7iFe3zw4Bu4SVA8g=="
    },
    "htmlparser2": {
      "version": "8.0.1",
      "resolved": "https://registry.npmmirror.com/htmlparser2/-/htmlparser2-8.0.1.tgz",
      "integrity": "sha512-4lVbmc1diZC7GUJQtRQ5yBAeUCL1exyMwmForWkRLnwyzWBFxN633SALPMGYaWZvKe9j1pRZJpauvmxENSp/EA==",
      "requires": {
        "domelementtype": "^2.3.0",
        "domhandler": "^5.0.2",
        "domutils": "^3.0.1",
        "entities": "^4.3.0"
      }
    },
    "nth-check": {
      "version": "2.1.1",
      "resolved": "https://registry.npmmirror.com/nth-check/-/nth-check-2.1.1.tgz",
      "integrity": "sha512-lqjrjmaOoAnWfMmBPL+XNnynZh2+swxiX3WUE0s4yEHI6m+AwrK2UZOimIRl3X/4QctVqS8AiZjFqyOGrMXb/w==",
      "requires": {
        "boolbase": "^1.0.0"
      }
    },
    "parse5": {
      "version": "7.0.0",
      "resolved": "https://registry.npmmirror.com/parse5/-/parse5-7.0.0.tgz",
      "integrity": "sha512-y/t8IXSPWTuRZqXc0ajH/UwDj4mnqLEbSttNbThcFhGrZuOyoyvNBO85PBp2jQa55wY9d07PBNjsK8ZP3K5U6g==",
      "requires": {
        "entities": "^4.3.0"
      }
    },
    "parse5-htmlparser2-tree-adapter": {
      "version": "7.0.0",
      "resolved": "https://registry.npmmirror.com/parse5-htmlparser2-tree-adapter/-/parse5-htmlparser2-tree-adapter-7.0.0.tgz",
      "integrity": "sha512-B77tOZrqqfUfnVcOrUvfdLbz4pu4RopLD/4vmu3HUPswwTA8OH0EMW9BlWR2B0RCoiZRAHEUu7IxeP1Pd1UU+g==",
      "requires": {
        "domhandler": "^5.0.2",
        "parse5": "^7.0.0"
      }
    },
    "tslib": {
      "version": "2.4.0",
      "resolved": "https://registry.npmmirror.com/tslib/-/tslib-2.4.0.tgz",
      "integrity": "sha512-d6xOpEDfsi2CZVlPQzGeux8XMwLT9hssAsaPYExaQMuYskwb+x1x7J371tWlbBdWHroy99KnVB6qIkUbs5X3UQ=="
    },
    "uuid": {
      "version": "3.4.0",
      "resolved": "https://registry.npmmirror.com/uuid/-/uuid-3.4.0.tgz",
      "integrity": "sha512-HjSDRw6gZE5JMggctHBcjVak08+KEVhSIiDzFnT9S9aegmp85S/bReBVTb4QTFaRNptJ9kuYaNhnbNEOkbKb/A=="
    }
  }
}
